// !$*UTF8*$!
{
	archiveVersion = 1;
	classes = {
	};
	objectVersion = 56;
	objects = {

/* Begin PBXBuildFile section */
		3C0992B82AE0653B002CA6E0 /* WeatherData.swift in Sources */ = {isa = PBXBuildFile; fileRef = 3C0992B72AE0653B002CA6E0 /* WeatherData.swift */; };
		3C0992BB2AE0659C002CA6E0 /* WeatherService.swift in Sources */ = {isa = PBXBuildFile; fileRef = 3C0992BA2AE0659C002CA6E0 /* WeatherService.swift */; };
		3C0992BD2AE0673A002CA6E0 /* Statics.swift in Sources */ = {isa = PBXBuildFile; fileRef = 3C0992BC2AE0673A002CA6E0 /* Statics.swift */; };
		3C0992BF2AE080E6002CA6E0 /* CityOverviewModel.swift in Sources */ = {isa = PBXBuildFile; fileRef = 3C0992BE2AE080E6002CA6E0 /* CityOverviewModel.swift */; };
		3C0992C22AE084D5002CA6E0 /* SDWebImageSwiftUI in Frameworks */ = {isa = PBXBuildFile; productRef = 3C0992C12AE084D5002CA6E0 /* SDWebImageSwiftUI */; };
		3C0992C42AE1E240002CA6E0 /* AddCityView.swift in Sources */ = {isa = PBXBuildFile; fileRef = 3C0992C32AE1E240002CA6E0 /* AddCityView.swift */; };
		3CCCF0E22ADECC9E003E1274 /* WeatherApp.swift in Sources */ = {isa = PBXBuildFile; fileRef = 3CCCF0E12ADECC9E003E1274 /* WeatherApp.swift */; };
		3CCCF0E42ADECC9E003E1274 /* ContentView.swift in Sources */ = {isa = PBXBuildFile; fileRef = 3CCCF0E32ADECC9E003E1274 /* ContentView.swift */; };
		3CCCF0E62ADECC9F003E1274 /* Assets.xcassets in Resources */ = {isa = PBXBuildFile; fileRef = 3CCCF0E52ADECC9F003E1274 /* Assets.xcassets */; };
		3CCCF0E92ADECC9F003E1274 /* Preview Assets.xcassets in Resources */ = {isa = PBXBuildFile; fileRef = 3CCCF0E82ADECC9F003E1274 /* Preview Assets.xcassets */; };
		3CCCF0F02ADED745003E1274 /* ValueDescriptionStack.swift in Sources */ = {isa = PBXBuildFile; fileRef = 3CCCF0EF2ADED745003E1274 /* ValueDescriptionStack.swift */; };
		3CCCF0F22ADF0299003E1274 /* HourtyBox.swift in Sources */ = {isa = PBXBuildFile; fileRef = 3CCCF0F12ADF0299003E1274 /* HourtyBox.swift */; };
		3CCCF0F52ADF2904003E1274 /* CityOverview.swift in Sources */ = {isa = PBXBuildFile; fileRef = 3CCCF0F42ADF2904003E1274 /* CityOverview.swift */; };
		3CCCF0FA2ADF2C55003E1274 /* ContentViewModel.swift in Sources */ = {isa = PBXBuildFile; fileRef = 3CCCF0F92ADF2C55003E1274 /* ContentViewModel.swift */; };
		3CCCF0FD2ADF2CC3003E1274 /* City.swift in Sources */ = {isa = PBXBuildFile; fileRef = 3CCCF0FC2ADF2CC3003E1274 /* City.swift */; };
		3CCCF0FF2ADF32C1003E1274 /* Next7DaysView.swift in Sources */ = {isa = PBXBuildFile; fileRef = 3CCCF0FE2ADF32C1003E1274 /* Next7DaysView.swift */; };
		3CCCF1012ADF3913003E1274 /* DailyForecastView.swift in Sources */ = {isa = PBXBuildFile; fileRef = 3CCCF1002ADF3913003E1274 /* DailyForecastView.swift */; };
		D3FA278BFD9EBBFB027D0E6C /* Pods_WeatherApp.framework in Frameworks */ = {isa = PBXBuildFile; fileRef = FC63EFA08727A1036FB3F025 /* Pods_WeatherApp.framework */; };
/* End PBXBuildFile section */

/* Begin PBXFileReference section */
		3C0992B72AE0653B002CA6E0 /* WeatherData.swift */ = {isa = PBXFileReference; lastKnownFileType = sourcecode.swift; path = WeatherData.swift; sourceTree = "<group>"; };
		3C0992BA2AE0659C002CA6E0 /* WeatherService.swift */ = {isa = PBXFileReference; lastKnownFileType = sourcecode.swift; path = WeatherService.swift; sourceTree = "<group>"; };
		3C0992BC2AE0673A002CA6E0 /* Statics.swift */ = {isa = PBXFileReference; lastKnownFileType = sourcecode.swift; path = Statics.swift; sourceTree = "<group>"; };
		3C0992BE2AE080E6002CA6E0 /* CityOverviewModel.swift */ = {isa = PBXFileReference; lastKnownFileType = sourcecode.swift; path = CityOverviewModel.swift; sourceTree = "<group>"; };
		3C0992C32AE1E240002CA6E0 /* AddCityView.swift */ = {isa = PBXFileReference; lastKnownFileType = sourcecode.swift; path = AddCityView.swift; sourceTree = "<group>"; };
		3CCCF0DE2ADECC9E003E1274 /* WeatherApp.app */ = {isa = PBXFileReference; explicitFileType = wrapper.application; includeInIndex = 0; path = WeatherApp.app; sourceTree = BUILT_PRODUCTS_DIR; };
		3CCCF0E12ADECC9E003E1274 /* WeatherApp.swift */ = {isa = PBXFileReference; lastKnownFileType = sourcecode.swift; path = WeatherApp.swift; sourceTree = "<group>"; };
		3CCCF0E32ADECC9E003E1274 /* ContentView.swift */ = {isa = PBXFileReference; lastKnownFileType = sourcecode.swift; path = ContentView.swift; sourceTree = "<group>"; };
		3CCCF0E52ADECC9F003E1274 /* Assets.xcassets */ = {isa = PBXFileReference; lastKnownFileType = folder.assetcatalog; path = Assets.xcassets; sourceTree = "<group>"; };
		3CCCF0E82ADECC9F003E1274 /* Preview Assets.xcassets */ = {isa = PBXFileReference; lastKnownFileType = folder.assetcatalog; path = "Preview Assets.xcassets"; sourceTree = "<group>"; };
		3CCCF0EF2ADED745003E1274 /* ValueDescriptionStack.swift */ = {isa = PBXFileReference; lastKnownFileType = sourcecode.swift; path = ValueDescriptionStack.swift; sourceTree = "<group>"; };
		3CCCF0F12ADF0299003E1274 /* HourtyBox.swift */ = {isa = PBXFileReference; lastKnownFileType = sourcecode.swift; path = HourtyBox.swift; sourceTree = "<group>"; };
		3CCCF0F42ADF2904003E1274 /* CityOverview.swift */ = {isa = PBXFileReference; lastKnownFileType = sourcecode.swift; path = CityOverview.swift; sourceTree = "<group>"; };
		3CCCF0F92ADF2C55003E1274 /* ContentViewModel.swift */ = {isa = PBXFileReference; lastKnownFileType = sourcecode.swift; path = ContentViewModel.swift; sourceTree = "<group>"; };
		3CCCF0FC2ADF2CC3003E1274 /* City.swift */ = {isa = PBXFileReference; lastKnownFileType = sourcecode.swift; path = City.swift; sourceTree = "<group>"; };
		3CCCF0FE2ADF32C1003E1274 /* Next7DaysView.swift */ = {isa = PBXFileReference; lastKnownFileType = sourcecode.swift; path = Next7DaysView.swift; sourceTree = "<group>"; };
		3CCCF1002ADF3913003E1274 /* DailyForecastView.swift */ = {isa = PBXFileReference; lastKnownFileType = sourcecode.swift; path = DailyForecastView.swift; sourceTree = "<group>"; };
		3FABA8874924AC12BE43A00D /* Pods-WeatherApp.release.xcconfig */ = {isa = PBXFileReference; includeInIndex = 1; lastKnownFileType = text.xcconfig; name = "Pods-WeatherApp.release.xcconfig"; path = "Target Support Files/Pods-WeatherApp/Pods-WeatherApp.release.xcconfig"; sourceTree = "<group>"; };
		9D37CA38717BE053573C6ABA /* Pods-WeatherApp.debug.xcconfig */ = {isa = PBXFileReference; includeInIndex = 1; lastKnownFileType = text.xcconfig; name = "Pods-WeatherApp.debug.xcconfig"; path = "Target Support Files/Pods-WeatherApp/Pods-WeatherApp.debug.xcconfig"; sourceTree = "<group>"; };
		FC63EFA08727A1036FB3F025 /* Pods_WeatherApp.framework */ = {isa = PBXFileReference; explicitFileType = wrapper.framework; includeInIndex = 0; path = Pods_WeatherApp.framework; sourceTree = BUILT_PRODUCTS_DIR; };
/* End PBXFileReference section */

/* Begin PBXFrameworksBuildPhase section */
		3CCCF0DB2ADECC9E003E1274 /* Frameworks */ = {
			isa = PBXFrameworksBuildPhase;
			buildActionMask = 2147483647;
			files = (
				3C0992C22AE084D5002CA6E0 /* SDWebImageSwiftUI in Frameworks */,
				D3FA278BFD9EBBFB027D0E6C /* Pods_WeatherApp.framework in Frameworks */,
			);
			runOnlyForDeploymentPostprocessing = 0;
		};
/* End PBXFrameworksBuildPhase section */

/* Begin PBXGroup section */
		09AE99882FBC571EC4F08245 /* Pods */ = {
			isa = PBXGroup;
			children = (
				9D37CA38717BE053573C6ABA /* Pods-WeatherApp.debug.xcconfig */,
				3FABA8874924AC12BE43A00D /* Pods-WeatherApp.release.xcconfig */,
			);
			path = Pods;
			sourceTree = "<group>";
		};
		3C0992B92AE06576002CA6E0 /* Services */ = {
			isa = PBXGroup;
			children = (
				3C0992BA2AE0659C002CA6E0 /* WeatherService.swift */,
				3C0992BC2AE0673A002CA6E0 /* Statics.swift */,
			);
			path = Services;
			sourceTree = "<group>";
		};
		3CCCF0D52ADECC9E003E1274 = {
			isa = PBXGroup;
			children = (
				3CCCF0E02ADECC9E003E1274 /* WeatherApp */,
				3CCCF0DF2ADECC9E003E1274 /* Products */,
				09AE99882FBC571EC4F08245 /* Pods */,
				E17301E292559F7F9EC438A0 /* Frameworks */,
			);
			sourceTree = "<group>";
		};
		3CCCF0DF2ADECC9E003E1274 /* Products */ = {
			isa = PBXGroup;
			children = (
				3CCCF0DE2ADECC9E003E1274 /* WeatherApp.app */,
			);
			name = Products;
			sourceTree = "<group>";
		};
		3CCCF0E02ADECC9E003E1274 /* WeatherApp */ = {
			isa = PBXGroup;
			children = (
				3C0992B92AE06576002CA6E0 /* Services */,
				3CCCF0FB2ADF2CAC003E1274 /* Models */,
				3CCCF0F62ADF2BC7003E1274 /* ViewModels */,
				3CCCF0F32ADF28D4003E1274 /* Views */,
				3CCCF0E12ADECC9E003E1274 /* WeatherApp.swift */,
				3CCCF0E32ADECC9E003E1274 /* ContentView.swift */,
				3CCCF0E52ADECC9F003E1274 /* Assets.xcassets */,
				3CCCF0E72ADECC9F003E1274 /* Preview Content */,
			);
			path = WeatherApp;
			sourceTree = "<group>";
		};
		3CCCF0E72ADECC9F003E1274 /* Preview Content */ = {
			isa = PBXGroup;
			children = (
				3CCCF0E82ADECC9F003E1274 /* Preview Assets.xcassets */,
			);
			path = "Preview Content";
			sourceTree = "<group>";
		};
		3CCCF0F32ADF28D4003E1274 /* Views */ = {
			isa = PBXGroup;
			children = (
				3CCCF0F42ADF2904003E1274 /* CityOverview.swift */,
				3CCCF0EF2ADED745003E1274 /* ValueDescriptionStack.swift */,
				3CCCF0F12ADF0299003E1274 /* HourtyBox.swift */,
				3CCCF0FE2ADF32C1003E1274 /* Next7DaysView.swift */,
				3CCCF1002ADF3913003E1274 /* DailyForecastView.swift */,
				3C0992C32AE1E240002CA6E0 /* AddCityView.swift */,
			);
			path = Views;
			sourceTree = "<group>";
		};
		3CCCF0F62ADF2BC7003E1274 /* ViewModels */ = {
			isa = PBXGroup;
			children = (
				3CCCF0F92ADF2C55003E1274 /* ContentViewModel.swift */,
				3C0992BE2AE080E6002CA6E0 /* CityOverviewModel.swift */,
			);
			path = ViewModels;
			sourceTree = "<group>";
		};
		3CCCF0FB2ADF2CAC003E1274 /* Models */ = {
			isa = PBXGroup;
			children = (
				3CCCF0FC2ADF2CC3003E1274 /* City.swift */,
				3C0992B72AE0653B002CA6E0 /* WeatherData.swift */,
			);
			path = Models;
			sourceTree = "<group>";
		};
		E17301E292559F7F9EC438A0 /* Frameworks */ = {
			isa = PBXGroup;
			children = (
				FC63EFA08727A1036FB3F025 /* Pods_WeatherApp.framework */,
			);
			name = Frameworks;
			sourceTree = "<group>";
		};
/* End PBXGroup section */

/* Begin PBXNativeTarget section */
		3CCCF0DD2ADECC9E003E1274 /* WeatherApp */ = {
			isa = PBXNativeTarget;
			buildConfigurationList = 3CCCF0EC2ADECC9F003E1274 /* Build configuration list for PBXNativeTarget "WeatherApp" */;
			buildPhases = (
				6904CFD7683FAB73DB0D7FD2 /* [CP] Check Pods Manifest.lock */,
				3CCCF0DA2ADECC9E003E1274 /* Sources */,
				3CCCF0DB2ADECC9E003E1274 /* Frameworks */,
				3CCCF0DC2ADECC9E003E1274 /* Resources */,
				2B60B71DBE9EE8765746F50F /* [CP] Embed Pods Frameworks */,
			);
			buildRules = (
			);
			dependencies = (
			);
			name = WeatherApp;
			packageProductDependencies = (
				3C0992C12AE084D5002CA6E0 /* SDWebImageSwiftUI */,
			);
			productName = WeatherApp;
			productReference = 3CCCF0DE2ADECC9E003E1274 /* WeatherApp.app */;
			productType = "com.apple.product-type.application";
		};
/* End PBXNativeTarget section */

/* Begin PBXProject section */
		3CCCF0D62ADECC9E003E1274 /* Project object */ = {
			isa = PBXProject;
			attributes = {
				BuildIndependentTargetsInParallel = 1;
				LastSwiftUpdateCheck = 1500;
				LastUpgradeCheck = 1500;
				TargetAttributes = {
					3CCCF0DD2ADECC9E003E1274 = {
						CreatedOnToolsVersion = 15.0;
					};
				};
			};
			buildConfigurationList = 3CCCF0D92ADECC9E003E1274 /* Build configuration list for PBXProject "WeatherApp" */;
			compatibilityVersion = "Xcode 14.0";
			developmentRegion = en;
			hasScannedForEncodings = 0;
			knownRegions = (
				en,
				Base,
			);
			mainGroup = 3CCCF0D52ADECC9E003E1274;
			packageReferences = (
				3C0992C02AE084D5002CA6E0 /* XCRemoteSwiftPackageReference "SDWebImageSwiftUI" */,
			);
			productRefGroup = 3CCCF0DF2ADECC9E003E1274 /* Products */;
			projectDirPath = "";
			projectRoot = "";
			targets = (
				3CCCF0DD2ADECC9E003E1274 /* WeatherApp */,
			);
		};
/* End PBXProject section */

/* Begin PBXResourcesBuildPhase section */
		3CCCF0DC2ADECC9E003E1274 /* Resources */ = {
			isa = PBXResourcesBuildPhase;
			buildActionMask = 2147483647;
			files = (
				3CCCF0E92ADECC9F003E1274 /* Preview Assets.xcassets in Resources */,
				3CCCF0E62ADECC9F003E1274 /* Assets.xcassets in Resources */,
			);
			runOnlyForDeploymentPostprocessing = 0;
		};
/* End PBXResourcesBuildPhase section */

/* Begin PBXShellScriptBuildPhase section */
		2B60B71DBE9EE8765746F50F /* [CP] Embed Pods Frameworks */ = {
			isa = PBXShellScriptBuildPhase;
			buildActionMask = 2147483647;
			files = (
			);
			inputFileListPaths = (
				"${PODS_ROOT}/Target Support Files/Pods-WeatherApp/Pods-WeatherApp-frameworks-${CONFIGURATION}-input-files.xcfilelist",
			);
			name = "[CP] Embed Pods Frameworks";
			outputFileListPaths = (
				"${PODS_ROOT}/Target Support Files/Pods-WeatherApp/Pods-WeatherApp-frameworks-${CONFIGURATION}-output-files.xcfilelist",
			);
			runOnlyForDeploymentPostprocessing = 0;
			shellPath = /bin/sh;
			shellScript = "\"${PODS_ROOT}/Target Support Files/Pods-WeatherApp/Pods-WeatherApp-frameworks.sh\"\n";
			showEnvVarsInLog = 0;
		};
		6904CFD7683FAB73DB0D7FD2 /* [CP] Check Pods Manifest.lock */ = {
			isa = PBXShellScriptBuildPhase;
			buildActionMask = 2147483647;
			files = (
			);
			inputFileListPaths = (
			);
			inputPaths = (
				"${PODS_PODFILE_DIR_PATH}/Podfile.lock",
				"${PODS_ROOT}/Manifest.lock",
			);
			name = "[CP] Check Pods Manifest.lock";
			outputFileListPaths = (
			);
			outputPaths = (
				"$(DERIVED_FILE_DIR)/Pods-WeatherApp-checkManifestLockResult.txt",
			);
			runOnlyForDeploymentPostprocessing = 0;
			shellPath = /bin/sh;
			shellScript = "diff \"${PODS_PODFILE_DIR_PATH}/Podfile.lock\" \"${PODS_ROOT}/Manifest.lock\" > /dev/null\nif [ $? != 0 ] ; then\n    # print error to STDERR\n    echo \"error: The sandbox is not in sync with the Podfile.lock. Run 'pod install' or update your CocoaPods installation.\" >&2\n    exit 1\nfi\n# This output is used by Xcode 'outputs' to avoid re-running this script phase.\necho \"SUCCESS\" > \"${SCRIPT_OUTPUT_FILE_0}\"\n";
			showEnvVarsInLog = 0;
		};
/* End PBXShellScriptBuildPhase section */

/* Begin PBXSourcesBuildPhase section */
		3CCCF0DA2ADECC9E003E1274 /* Sources */ = {
			isa = PBXSourcesBuildPhase;
			buildActionMask = 2147483647;
			files = (
				3CCCF1012ADF3913003E1274 /* DailyForecastView.swift in Sources */,
				3CCCF0FF2ADF32C1003E1274 /* Next7DaysView.swift in Sources */,
				3CCCF0E42ADECC9E003E1274 /* ContentView.swift in Sources */,
				3CCCF0E22ADECC9E003E1274 /* WeatherApp.swift in Sources */,
				3CCCF0FA2ADF2C55003E1274 /* ContentViewModel.swift in Sources */,
				3C0992BB2AE0659C002CA6E0 /* WeatherService.swift in Sources */,
				3CCCF0F52ADF2904003E1274 /* CityOverview.swift in Sources */,
				3C0992BD2AE0673A002CA6E0 /* Statics.swift in Sources */,
				3C0992BF2AE080E6002CA6E0 /* CityOverviewModel.swift in Sources */,
				3C0992B82AE0653B002CA6E0 /* WeatherData.swift in Sources */,
				3CCCF0F22ADF0299003E1274 /* HourtyBox.swift in Sources */,
				3CCCF0F02ADED745003E1274 /* ValueDescriptionStack.swift in Sources */,
				3CCCF0FD2ADF2CC3003E1274 /* City.swift in Sources */,
				3C0992C42AE1E240002CA6E0 /* AddCityView.swift in Sources */,
			);
			runOnlyForDeploymentPostprocessing = 0;
		};
/* End PBXSourcesBuildPhase section */

/* Begin XCBuildConfiguration section */
		3CCCF0EA2ADECC9F003E1274 /* Debug */ = {
			isa = XCBuildConfiguration;
			buildSettings = {
				ALWAYS_SEARCH_USER_PATHS = NO;
				ASSETCATALOG_COMPILER_GENERATE_SWIFT_ASSET_SYMBOL_EXTENSIONS = YES;
				CLANG_ANALYZER_NONNULL = YES;
				CLANG_ANALYZER_NUMBER_OBJECT_CONVERSION = YES_AGGRESSIVE;
				CLANG_CXX_LANGUAGE_STANDARD = "gnu++20";
				CLANG_ENABLE_MODULES = YES;
				CLANG_ENABLE_OBJC_ARC = YES;
				CLANG_ENABLE_OBJC_WEAK = YES;
				CLANG_WARN_BLOCK_CAPTURE_AUTORELEASING = YES;
				CLANG_WARN_BOOL_CONVERSION = YES;
				CLANG_WARN_COMMA = YES;
				CLANG_WARN_CONSTANT_CONVERSION = YES;
				CLANG_WARN_DEPRECATED_OBJC_IMPLEMENTATIONS = YES;
				CLANG_WARN_DIRECT_OBJC_ISA_USAGE = YES_ERROR;
				CLANG_WARN_DOCUMENTATION_COMMENTS = YES;
				CLANG_WARN_EMPTY_BODY = YES;
				CLANG_WARN_ENUM_CONVERSION = YES;
				CLANG_WARN_INFINITE_RECURSION = YES;
				CLANG_WARN_INT_CONVERSION = YES;
				CLANG_WARN_NON_LITERAL_NULL_CONVERSION = YES;
				CLANG_WARN_OBJC_IMPLICIT_RETAIN_SELF = YES;
				CLANG_WARN_OBJC_LITERAL_CONVERSION = YES;
				CLANG_WARN_OBJC_ROOT_CLASS = YES_ERROR;
				CLANG_WARN_QUOTED_INCLUDE_IN_FRAMEWORK_HEADER = YES;
				CLANG_WARN_RANGE_LOOP_ANALYSIS = YES;
				CLANG_WARN_STRICT_PROTOTYPES = YES;
				CLANG_WARN_SUSPICIOUS_MOVE = YES;
				CLANG_WARN_UNGUARDED_AVAILABILITY = YES_AGGRESSIVE;
				CLANG_WARN_UNREACHABLE_CODE = YES;
				CLANG_WARN__DUPLICATE_METHOD_MATCH = YES;
				COPY_PHASE_STRIP = NO;
				DEBUG_INFORMATION_FORMAT = dwarf;
				ENABLE_STRICT_OBJC_MSGSEND = YES;
				ENABLE_TESTABILITY = YES;
				ENABLE_USER_SCRIPT_SANDBOXING = NO;
				GCC_C_LANGUAGE_STANDARD = gnu17;
				GCC_DYNAMIC_NO_PIC = NO;
				GCC_NO_COMMON_BLOCKS = YES;
				GCC_OPTIMIZATION_LEVEL = 0;
				GCC_PREPROCESSOR_DEFINITIONS = (
					"DEBUG=1",
					"$(inherited)",
				);
				GCC_WARN_64_TO_32_BIT_CONVERSION = YES;
				GCC_WARN_ABOUT_RETURN_TYPE = YES_ERROR;
				GCC_WARN_UNDECLARED_SELECTOR = YES;
				GCC_WARN_UNINITIALIZED_AUTOS = YES_AGGRESSIVE;
				GCC_WARN_UNUSED_FUNCTION = YES;
				GCC_WARN_UNUSED_VARIABLE = YES;
				IPHONEOS_DEPLOYMENT_TARGET = 17.0;
				LOCALIZATION_PREFERS_STRING_CATALOGS = YES;
				MTL_ENABLE_DEBUG_INFO = INCLUDE_SOURCE;
				MTL_FAST_MATH = YES;
				ONLY_ACTIVE_ARCH = YES;
				SDKROOT = iphoneos;
				SWIFT_ACTIVE_COMPILATION_CONDITIONS = "DEBUG $(inherited)";
				SWIFT_OPTIMIZATION_LEVEL = "-Onone";
			};
			name = Debug;
		};
		3CCCF0EB2ADECC9F003E1274 /* Release */ = {
			isa = XCBuildConfiguration;
			buildSettings = {
				ALWAYS_SEARCH_USER_PATHS = NO;
				ASSETCATALOG_COMPILER_GENERATE_SWIFT_ASSET_SYMBOL_EXTENSIONS = YES;
				CLANG_ANALYZER_NONNULL = YES;
				CLANG_ANALYZER_NUMBER_OBJECT_CONVERSION = YES_AGGRESSIVE;
				CLANG_CXX_LANGUAGE_STANDARD = "gnu++20";
				CLANG_ENABLE_MODULES = YES;
				CLANG_ENABLE_OBJC_ARC = YES;
				CLANG_ENABLE_OBJC_WEAK = YES;
				CLANG_WARN_BLOCK_CAPTURE_AUTORELEASING = YES;
				CLANG_WARN_BOOL_CONVERSION = YES;
				CLANG_WARN_COMMA = YES;
				CLANG_WARN_CONSTANT_CONVERSION = YES;
				CLANG_WARN_DEPRECATED_OBJC_IMPLEMENTATIONS = YES;
				CLANG_WARN_DIRECT_OBJC_ISA_USAGE = YES_ERROR;
				CLANG_WARN_DOCUMENTATION_COMMENTS = YES;
				CLANG_WARN_EMPTY_BODY = YES;
				CLANG_WARN_ENUM_CONVERSION = YES;
				CLANG_WARN_INFINITE_RECURSION = YES;
				CLANG_WARN_INT_CONVERSION = YES;
				CLANG_WARN_NON_LITERAL_NULL_CONVERSION = YES;
				CLANG_WARN_OBJC_IMPLICIT_RETAIN_SELF = YES;
				CLANG_WARN_OBJC_LITERAL_CONVERSION = YES;
				CLANG_WARN_OBJC_ROOT_CLASS = YES_ERROR;
				CLANG_WARN_QUOTED_INCLUDE_IN_FRAMEWORK_HEADER = YES;
				CLANG_WARN_RANGE_LOOP_ANALYSIS = YES;
				CLANG_WARN_STRICT_PROTOTYPES = YES;
				CLANG_WARN_SUSPICIOUS_MOVE = YES;
				CLANG_WARN_UNGUARDED_AVAILABILITY = YES_AGGRESSIVE;
				CLANG_WARN_UNREACHABLE_CODE = YES;
				CLANG_WARN__DUPLICATE_METHOD_MATCH = YES;
				COPY_PHASE_STRIP = NO;
				DEBUG_INFORMATION_FORMAT = "dwarf-with-dsym";
				ENABLE_NS_ASSERTIONS = NO;
				ENABLE_STRICT_OBJC_MSGSEND = YES;
				ENABLE_USER_SCRIPT_SANDBOXING = NO;
				GCC_C_LANGUAGE_STANDARD = gnu17;
				GCC_NO_COMMON_BLOCKS = YES;
				GCC_WARN_64_TO_32_BIT_CONVERSION = YES;
				GCC_WARN_ABOUT_RETURN_TYPE = YES_ERROR;
				GCC_WARN_UNDECLARED_SELECTOR = YES;
				GCC_WARN_UNINITIALIZED_AUTOS = YES_AGGRESSIVE;
				GCC_WARN_UNUSED_FUNCTION = YES;
				GCC_WARN_UNUSED_VARIABLE = YES;
				IPHONEOS_DEPLOYMENT_TARGET = 17.0;
				LOCALIZATION_PREFERS_STRING_CATALOGS = YES;
				MTL_ENABLE_DEBUG_INFO = NO;
				MTL_FAST_MATH = YES;
				SDKROOT = iphoneos;
				SWIFT_COMPILATION_MODE = wholemodule;
				VALIDATE_PRODUCT = YES;
			};
			name = Release;
		};
		3CCCF0ED2ADECC9F003E1274 /* Debug */ = {
			isa = XCBuildConfiguration;
			baseConfigurationReference = 9D37CA38717BE053573C6ABA /* Pods-WeatherApp.debug.xcconfig */;
			buildSettings = {
				ASSETCATALOG_COMPILER_APPICON_NAME = AppIcon;
				ASSETCATALOG_COMPILER_GLOBAL_ACCENT_COLOR_NAME = AccentColor;
				CODE_SIGN_STYLE = Automatic;
				CURRENT_PROJECT_VERSION = 1;
				DEVELOPMENT_ASSET_PATHS = "\"WeatherApp/Preview Content\"";
				DEVELOPMENT_TEAM = H68BTJ8X2R;
				ENABLE_PREVIEWS = YES;
				ENABLE_USER_SCRIPT_SANDBOXING = NO;
				GENERATE_INFOPLIST_FILE = YES;
				INFOPLIST_KEY_UIApplicationSceneManifest_Generation = YES;
				INFOPLIST_KEY_UIApplicationSupportsIndirectInputEvents = YES;
				INFOPLIST_KEY_UILaunchScreen_Generation = YES;
				INFOPLIST_KEY_UISupportedInterfaceOrientations_iPad = "UIInterfaceOrientationPortrait UIInterfaceOrientationPortraitUpsideDown UIInterfaceOrientationLandscapeLeft UIInterfaceOrientationLandscapeRight";
				INFOPLIST_KEY_UISupportedInterfaceOrientations_iPhone = "UIInterfaceOrientationPortrait UIInterfaceOrientationLandscapeLeft UIInterfaceOrientationLandscapeRight";
				LD_RUNPATH_SEARCH_PATHS = (
					"$(inherited)",
					"@executable_path/Frameworks",
				);
				MARKETING_VERSION = 1.0;
				PRODUCT_BUNDLE_IDENTIFIER = com.tatiane.WeatherApp;
				PRODUCT_NAME = "$(TARGET_NAME)";
				SWIFT_EMIT_LOC_STRINGS = YES;
				SWIFT_VERSION = 5.0;
				TARGETED_DEVICE_FAMILY = "1,2";
			};
			name = Debug;
		};
		3CCCF0EE2ADECC9F003E1274 /* Release */ = {
			isa = XCBuildConfiguration;
			baseConfigurationReference = 3FABA8874924AC12BE43A00D /* Pods-WeatherApp.release.xcconfig */;
			buildSettings = {
				ASSETCATALOG_COMPILER_APPICON_NAME = AppIcon;
				ASSETCATALOG_COMPILER_GLOBAL_ACCENT_COLOR_NAME = AccentColor;
				CODE_SIGN_STYLE = Automatic;
				CURRENT_PROJECT_VERSION = 1;
				DEVELOPMENT_ASSET_PATHS = "\"WeatherApp/Preview Content\"";
				DEVELOPMENT_TEAM = H68BTJ8X2R;
				ENABLE_PREVIEWS = YES;
				ENABLE_USER_SCRIPT_SANDBOXING = NO;
				GENERATE_INFOPLIST_FILE = YES;
				INFOPLIST_KEY_UIApplicationSceneManifest_Generation = YES;
				INFOPLIST_KEY_UIApplicationSupportsIndirectInputEvents = YES;
				INFOPLIST_KEY_UILaunchScreen_Generation = YES;
				INFOPLIST_KEY_UISupportedInterfaceOrientations_iPad = "UIInterfaceOrientationPortrait UIInterfaceOrientationPortraitUpsideDown UIInterfaceOrientationLandscapeLeft UIInterfaceOrientationLandscapeRight";
				INFOPLIST_KEY_UISupportedInterfaceOrientations_iPhone = "UIInterfaceOrientationPortrait UIInterfaceOrientationLandscapeLeft UIInterfaceOrientationLandscapeRight";
				LD_RUNPATH_SEARCH_PATHS = (
					"$(inherited)",
					"@executable_path/Frameworks",
				);
				MARKETING_VERSION = 1.0;
				PRODUCT_BUNDLE_IDENTIFIER = com.tatiane.WeatherApp;
				PRODUCT_NAME = "$(TARGET_NAME)";
				SWIFT_EMIT_LOC_STRINGS = YES;
				SWIFT_VERSION = 5.0;
				TARGETED_DEVICE_FAMILY = "1,2";
			};
			name = Release;
		};
/* End XCBuildConfiguration section */

/* Begin XCConfigurationList section */
		3CCCF0D92ADECC9E003E1274 /* Build configuration list for PBXProject "WeatherApp" */ = {
			isa = XCConfigurationList;
			buildConfigurations = (
				3CCCF0EA2ADECC9F003E1274 /* Debug */,
				3CCCF0EB2ADECC9F003E1274 /* Release */,
			);
			defaultConfigurationIsVisible = 0;
			defaultConfigurationName = Release;
		};
		3CCCF0EC2ADECC9F003E1274 /* Build configuration list for PBXNativeTarget "WeatherApp" */ = {
			isa = XCConfigurationList;
			buildConfigurations = (
				3CCCF0ED2ADECC9F003E1274 /* Debug */,
				3CCCF0EE2ADECC9F003E1274 /* Release */,
			);
			defaultConfigurationIsVisible = 0;
			defaultConfigurationName = Release;
		};
/* End XCConfigurationList section */

/* Begin XCRemoteSwiftPackageReference section */
		3C0992C02AE084D5002CA6E0 /* XCRemoteSwiftPackageReference "SDWebImageSwiftUI" */ = {
			isa = XCRemoteSwiftPackageReference;
			repositoryURL = "https://github.com/SDWebImage/SDWebImageSwiftUI";
			requirement = {
				kind = upToNextMajorVersion;
				minimumVersion = 2.2.3;
			};
		};
/* End XCRemoteSwiftPackageReference section */

/* Begin XCSwiftPackageProductDependency section */
		3C0992C12AE084D5002CA6E0 /* SDWebImageSwiftUI */ = {
			isa = XCSwiftPackageProductDependency;
			package = 3C0992C02AE084D5002CA6E0 /* XCRemoteSwiftPackageReference "SDWebImageSwiftUI" */;
			productName = SDWebImageSwiftUI;
		};
/* End XCSwiftPackageProductDependency section */
	};
	rootObject = 3CCCF0D62ADECC9E003E1274 /* Project object */;
}
